<Solution>
  <Folder Name="/Deepskilling/" />
  <Folder Name="/Deepskilling/Advanced SQL server/" />
  <Folder Name="/Deepskilling/Advanced SQL server/1. SQL Exercise - Advanced concepts/">
    <File Path="Deepskilling/Advanced SQL server/1. SQL Exercise - Advanced concepts/Exercise01_RankingAndWindowFunctions.sql" />
  </Folder>
  <Folder Name="/Deepskilling/Advanced SQL server/4. SQL Exercise - Stored procedure/">
    <File Path="Deepskilling/Advanced SQL server/4. SQL Exercise - Stored procedure/Exercise 5-Return Data from a Stored Procedure.sql" />
    <File Path="Deepskilling/Advanced SQL server/4. SQL Exercise - Stored procedure/Exercise01-Create a Stored Procedure.sql" />
  </Folder>
  <Folder Name="/Deepskilling/Engineering Concepts/" />
  <Folder Name="/Deepskilling/Engineering Concepts/Data structures and Algorithms/">
    <Project Path="Deepskilling/Engineering Concepts/Data structures and Algorithms/Exercise02_EcommerceSearchFunction/Exercise02_EcommerceSearchFunction.csproj" />
    <Project Path="Deepskilling/Engineering Concepts/Data structures and Algorithms/Exercise07_Financial Forecasting/Exercise07_Financial Forecasting.csproj" />
  </Folder>
  <Folder Name="/Deepskilling/Engineering Concepts/Design principles &amp; Patterns/">
    <Project Path="Deepskilling/Engineering Concepts/Design principles &amp; Patterns/Exercise 1- Implementing the Singleton Pattern/Exercise01_SingletonPattern.csproj" />
    <Project Path="Deepskilling/Engineering Concepts/Design principles &amp; Patterns/Exercise02_FactoryMethodPattern/Exercise02_FactoryMethodPattern.csproj" />
  </Folder>
  <Folder Name="/Deepskilling/Entity Framework Core 8.0/" />
  <Folder Name="/Deepskilling/Entity Framework Core 8.0/EF Core 8.0 HOL/" />
  <Folder Name="/Deepskilling/Entity Framework Core 8.0/EF Core 8.0 HOL/Lab 1 - Understanding ORM with a Retail Inventory System/">
    <Project Path="RetailInventory/RetailInventory.csproj" Id="af84a3eb-45a8-40d8-be17-3f88c56403cf" />
  </Folder>
  <Folder Name="/Deepskilling/NUnit and Moq/" />
  <Folder Name="/Deepskilling/NUnit and Moq/Moq_Handson/">
    <Project Path="Deepskilling/NUnit and Moq/2. Moq-Handson/CustomerComm.Tests/CustomerComm.Tests.csproj" />
    <Project Path="Deepskilling/NUnit and Moq/2. Moq-Handson/CustomerCommLib/CustomerCommLib.csproj" />
  </Folder>
  <Folder Name="/Deepskilling/NUnit and Moq/NUnit_Handson/">
    <Project Path="Deepskilling/NUnit and Moq/1. NUnit-Handson/Exercise01_NUnit/Exercise01NUnit_Handson.csproj" />
  </Folder>
  <Folder Name="/Solution Items/">
    <File Path=".gitignore" />
  </Folder>
</Solution>
